// !$*UTF8*$!
{
	archiveVersion = 1;
	classes = {
	};
	objectVersion = 56;
	objects = {

/* Begin PBXBuildFile section */
		260012702D78E6290004EDB0 /* HappyBabyApp.swift in Sources */ = {isa = PBXBuildFile; fileRef = 2600126F2D78E6290004EDB0 /* HappyBabyApp.swift */; };
		260012722D78E6290004EDB0 /* ContentView.swift in Sources */ = {isa = PBXBuildFile; fileRef = 260012712D78E6290004EDB0 /* ContentView.swift */; };
		260012742D78E62C0004EDB0 /* Assets.xcassets in Resources */ = {isa = PBXBuildFile; fileRef = 260012732D78E62C0004EDB0 /* Assets.xcassets */; };
		260012772D78E62C0004EDB0 /* Preview Assets.xcassets in Resources */ = {isa = PBXBuildFile; fileRef = 260012762D78E62C0004EDB0 /* Preview Assets.xcassets */; };
		260012802D78E6A30004EDB0 /* BabyModel.swift in Sources */ = {isa = PBXBuildFile; fileRef = 2600127F2D78E6A30004EDB0 /* BabyModel.swift */; };
		260012822D78E6C10004EDB0 /* ReminderModel.swift in Sources */ = {isa = PBXBuildFile; fileRef = 260012812D78E6C10004EDB0 /* ReminderModel.swift */; };
		260012842D78E6D70004EDB0 /* BlogModel.swift in Sources */ = {isa = PBXBuildFile; fileRef = 260012832D78E6D70004EDB0 /* BlogModel.swift */; };
		260012862D78E6F40004EDB0 /* SettingsModel.swift in Sources */ = {isa = PBXBuildFile; fileRef = 260012852D78E6F40004EDB0 /* SettingsModel.swift */; };
		260012892D78E7480004EDB0 /* BabyViewModel.swift in Sources */ = {isa = PBXBuildFile; fileRef = 260012882D78E7480004EDB0 /* BabyViewModel.swift */; };
		2600128B2D78E76A0004EDB0 /* ReminderViewModel.swift in Sources */ = {isa = PBXBuildFile; fileRef = 2600128A2D78E76A0004EDB0 /* ReminderViewModel.swift */; };
		2600128D2D78E7880004EDB0 /* SettingsViewModel.swift in Sources */ = {isa = PBXBuildFile; fileRef = 2600128C2D78E7880004EDB0 /* SettingsViewModel.swift */; };
		2600128F2D78E7AC0004EDB0 /* BlogViewModel.swift in Sources */ = {isa = PBXBuildFile; fileRef = 2600128E2D78E7AC0004EDB0 /* BlogViewModel.swift */; };
		260012932D78E7EA0004EDB0 /* BabyView.swift in Sources */ = {isa = PBXBuildFile; fileRef = 260012922D78E7EA0004EDB0 /* BabyView.swift */; };
		2600129C2D78E9090004EDB0 /* ReminderView.swift in Sources */ = {isa = PBXBuildFile; fileRef = 2600129B2D78E9090004EDB0 /* ReminderView.swift */; };
		2600129E2D78E93C0004EDB0 /* ReminderDetailView.swift in Sources */ = {isa = PBXBuildFile; fileRef = 2600129D2D78E93C0004EDB0 /* ReminderDetailView.swift */; };
		260012A02D78E9750004EDB0 /* BabyDetailView.swift in Sources */ = {isa = PBXBuildFile; fileRef = 2600129F2D78E9750004EDB0 /* BabyDetailView.swift */; };
		260012A32D78E9B50004EDB0 /* BlogView.swift in Sources */ = {isa = PBXBuildFile; fileRef = 260012A22D78E9B50004EDB0 /* BlogView.swift */; };
		260012A52D78E9D20004EDB0 /* BlogDetailView.swift in Sources */ = {isa = PBXBuildFile; fileRef = 260012A42D78E9D20004EDB0 /* BlogDetailView.swift */; };
		260012A82D78EA050004EDB0 /* SettingsView.swift in Sources */ = {isa = PBXBuildFile; fileRef = 260012A72D78EA050004EDB0 /* SettingsView.swift */; };
		260012AA2D78EA2F0004EDB0 /* SettingsDetailView.swift in Sources */ = {isa = PBXBuildFile; fileRef = 260012A92D78EA2F0004EDB0 /* SettingsDetailView.swift */; };
		260012AD2D78EA950004EDB0 /* APIService.swift in Sources */ = {isa = PBXBuildFile; fileRef = 260012AC2D78EA950004EDB0 /* APIService.swift */; };
		260012AF2D78EAC40004EDB0 /* NotificationService.swift in Sources */ = {isa = PBXBuildFile; fileRef = 260012AE2D78EAC40004EDB0 /* NotificationService.swift */; };
		260012B22D78EAEC0004EDB0 /* Constants.swift in Sources */ = {isa = PBXBuildFile; fileRef = 260012B12D78EAEC0004EDB0 /* Constants.swift */; };
/* End PBXBuildFile section */

/* Begin PBXFileReference section */
		2600126C2D78E6290004EDB0 /* HappyBaby.app */ = {isa = PBXFileReference; explicitFileType = wrapper.application; includeInIndex = 0; path = HappyBaby.app; sourceTree = BUILT_PRODUCTS_DIR; };
		2600126F2D78E6290004EDB0 /* HappyBabyApp.swift */ = {isa = PBXFileReference; lastKnownFileType = sourcecode.swift; path = HappyBabyApp.swift; sourceTree = "<group>"; };
		260012712D78E6290004EDB0 /* ContentView.swift */ = {isa = PBXFileReference; lastKnownFileType = sourcecode.swift; path = ContentView.swift; sourceTree = "<group>"; };
		260012732D78E62C0004EDB0 /* Assets.xcassets */ = {isa = PBXFileReference; lastKnownFileType = folder.assetcatalog; path = Assets.xcassets; sourceTree = "<group>"; };
		260012762D78E62C0004EDB0 /* Preview Assets.xcassets */ = {isa = PBXFileReference; lastKnownFileType = folder.assetcatalog; path = "Preview Assets.xcassets"; sourceTree = "<group>"; };
		2600127F2D78E6A30004EDB0 /* BabyModel.swift */ = {isa = PBXFileReference; lastKnownFileType = sourcecode.swift; path = BabyModel.swift; sourceTree = "<group>"; };
		260012812D78E6C10004EDB0 /* ReminderModel.swift */ = {isa = PBXFileReference; lastKnownFileType = sourcecode.swift; path = ReminderModel.swift; sourceTree = "<group>"; };
		260012832D78E6D70004EDB0 /* BlogModel.swift */ = {isa = PBXFileReference; lastKnownFileType = sourcecode.swift; path = BlogModel.swift; sourceTree = "<group>"; };
		260012852D78E6F40004EDB0 /* SettingsModel.swift */ = {isa = PBXFileReference; lastKnownFileType = sourcecode.swift; path = SettingsModel.swift; sourceTree = "<group>"; };
		260012882D78E7480004EDB0 /* BabyViewModel.swift */ = {isa = PBXFileReference; lastKnownFileType = sourcecode.swift; path = BabyViewModel.swift; sourceTree = "<group>"; };
		2600128A2D78E76A0004EDB0 /* ReminderViewModel.swift */ = {isa = PBXFileReference; lastKnownFileType = sourcecode.swift; path = ReminderViewModel.swift; sourceTree = "<group>"; };
		2600128C2D78E7880004EDB0 /* SettingsViewModel.swift */ = {isa = PBXFileReference; lastKnownFileType = sourcecode.swift; path = SettingsViewModel.swift; sourceTree = "<group>"; };
		2600128E2D78E7AC0004EDB0 /* BlogViewModel.swift */ = {isa = PBXFileReference; lastKnownFileType = sourcecode.swift; path = BlogViewModel.swift; sourceTree = "<group>"; };
		260012922D78E7EA0004EDB0 /* BabyView.swift */ = {isa = PBXFileReference; lastKnownFileType = sourcecode.swift; path = BabyView.swift; sourceTree = "<group>"; };
		2600129B2D78E9090004EDB0 /* ReminderView.swift */ = {isa = PBXFileReference; lastKnownFileType = sourcecode.swift; path = ReminderView.swift; sourceTree = "<group>"; };
		2600129D2D78E93C0004EDB0 /* ReminderDetailView.swift */ = {isa = PBXFileReference; lastKnownFileType = sourcecode.swift; path = ReminderDetailView.swift; sourceTree = "<group>"; };
		2600129F2D78E9750004EDB0 /* BabyDetailView.swift */ = {isa = PBXFileReference; lastKnownFileType = sourcecode.swift; path = BabyDetailView.swift; sourceTree = "<group>"; };
		260012A22D78E9B50004EDB0 /* BlogView.swift */ = {isa = PBXFileReference; lastKnownFileType = sourcecode.swift; path = BlogView.swift; sourceTree = "<group>"; };
		260012A42D78E9D20004EDB0 /* BlogDetailView.swift */ = {isa = PBXFileReference; lastKnownFileType = sourcecode.swift; path = BlogDetailView.swift; sourceTree = "<group>"; };
		260012A72D78EA050004EDB0 /* SettingsView.swift */ = {isa = PBXFileReference; lastKnownFileType = sourcecode.swift; path = SettingsView.swift; sourceTree = "<group>"; };
		260012A92D78EA2F0004EDB0 /* SettingsDetailView.swift */ = {isa = PBXFileReference; lastKnownFileType = sourcecode.swift; path = SettingsDetailView.swift; sourceTree = "<group>"; };
		260012AC2D78EA950004EDB0 /* APIService.swift */ = {isa = PBXFileReference; lastKnownFileType = sourcecode.swift; path = APIService.swift; sourceTree = "<group>"; };
		260012AE2D78EAC40004EDB0 /* NotificationService.swift */ = {isa = PBXFileReference; lastKnownFileType = sourcecode.swift; path = NotificationService.swift; sourceTree = "<group>"; };
		260012B12D78EAEC0004EDB0 /* Constants.swift */ = {isa = PBXFileReference; lastKnownFileType = sourcecode.swift; path = Constants.swift; sourceTree = "<group>"; };
/* End PBXFileReference section */

/* Begin PBXFrameworksBuildPhase section */
		260012692D78E6290004EDB0 /* Frameworks */ = {
			isa = PBXFrameworksBuildPhase;
			buildActionMask = 2147483647;
			files = (
			);
			runOnlyForDeploymentPostprocessing = 0;
		};
/* End PBXFrameworksBuildPhase section */

/* Begin PBXGroup section */
		260012632D78E6290004EDB0 = {
			isa = PBXGroup;
			children = (
				260012B02D78EACB0004EDB0 /* Utils */,
				260012AB2D78EA590004EDB0 /* Services */,
				260012902D78E7BA0004EDB0 /* View */,
				260012872D78E70B0004EDB0 /* ViewModel */,
				2600127E2D78E64B0004EDB0 /* Model */,
				2600126E2D78E6290004EDB0 /* HappyBaby */,
				2600126D2D78E6290004EDB0 /* Products */,
			);
			sourceTree = "<group>";
		};
		2600126D2D78E6290004EDB0 /* Products */ = {
			isa = PBXGroup;
			children = (
				2600126C2D78E6290004EDB0 /* HappyBaby.app */,
			);
			name = Products;
			sourceTree = "<group>";
		};
		2600126E2D78E6290004EDB0 /* HappyBaby */ = {
			isa = PBXGroup;
			children = (
				2600126F2D78E6290004EDB0 /* HappyBabyApp.swift */,
				260012712D78E6290004EDB0 /* ContentView.swift */,
				260012732D78E62C0004EDB0 /* Assets.xcassets */,
				260012752D78E62C0004EDB0 /* Preview Content */,
			);
			path = HappyBaby;
			sourceTree = "<group>";
		};
		260012752D78E62C0004EDB0 /* Preview Content */ = {
			isa = PBXGroup;
			children = (
				260012762D78E62C0004EDB0 /* Preview Assets.xcassets */,
			);
			path = "Preview Content";
			sourceTree = "<group>";
		};
		2600127E2D78E64B0004EDB0 /* Model */ = {
			isa = PBXGroup;
			children = (
				2600127F2D78E6A30004EDB0 /* BabyModel.swift */,
				260012812D78E6C10004EDB0 /* ReminderModel.swift */,
				260012852D78E6F40004EDB0 /* SettingsModel.swift */,
				260012832D78E6D70004EDB0 /* BlogModel.swift */,
			);
			path = Model;
			sourceTree = "<group>";
		};
		260012872D78E70B0004EDB0 /* ViewModel */ = {
			isa = PBXGroup;
			children = (
				260012882D78E7480004EDB0 /* BabyViewModel.swift */,
				2600128C2D78E7880004EDB0 /* SettingsViewModel.swift */,
				2600128A2D78E76A0004EDB0 /* ReminderViewModel.swift */,
				2600128E2D78E7AC0004EDB0 /* BlogViewModel.swift */,
			);
			path = ViewModel;
			sourceTree = "<group>";
		};
		260012902D78E7BA0004EDB0 /* View */ = {
			isa = PBXGroup;
			children = (
				260012A62D78E9E10004EDB0 /* Settings */,
				260012A12D78E98E0004EDB0 /* Blog */,
				2600129A2D78E8E60004EDB0 /* Reminder */,
				260012912D78E7C80004EDB0 /* Baby */,
			);
			path = View;
			sourceTree = "<group>";
		};
		260012912D78E7C80004EDB0 /* Baby */ = {
			isa = PBXGroup;
			children = (
				260012922D78E7EA0004EDB0 /* BabyView.swift */,
				2600129F2D78E9750004EDB0 /* BabyDetailView.swift */,
			);
			path = Baby;
			sourceTree = "<group>";
		};
		2600129A2D78E8E60004EDB0 /* Reminder */ = {
			isa = PBXGroup;
			children = (
				2600129B2D78E9090004EDB0 /* ReminderView.swift */,
				2600129D2D78E93C0004EDB0 /* ReminderDetailView.swift */,
			);
			path = Reminder;
			sourceTree = "<group>";
		};
		260012A12D78E98E0004EDB0 /* Blog */ = {
			isa = PBXGroup;
			children = (
				260012A22D78E9B50004EDB0 /* BlogView.swift */,
				260012A42D78E9D20004EDB0 /* BlogDetailView.swift */,
			);
			path = Blog;
			sourceTree = "<group>";
		};
		260012A62D78E9E10004EDB0 /* Settings */ = {
			isa = PBXGroup;
			children = (
				260012A72D78EA050004EDB0 /* SettingsView.swift */,
				260012A92D78EA2F0004EDB0 /* SettingsDetailView.swift */,
			);
			path = Settings;
			sourceTree = "<group>";
		};
		260012AB2D78EA590004EDB0 /* Services */ = {
			isa = PBXGroup;
			children = (
				260012AC2D78EA950004EDB0 /* APIService.swift */,
				260012AE2D78EAC40004EDB0 /* NotificationService.swift */,
			);
			path = Services;
			sourceTree = "<group>";
		};
		260012B02D78EACB0004EDB0 /* Utils */ = {
			isa = PBXGroup;
			children = (
				260012B12D78EAEC0004EDB0 /* Constants.swift */,
			);
			path = Utils;
			sourceTree = "<group>";
		};
/* End PBXGroup section */

/* Begin PBXNativeTarget section */
		2600126B2D78E6290004EDB0 /* HappyBaby */ = {
			isa = PBXNativeTarget;
			buildConfigurationList = 2600127A2D78E62C0004EDB0 /* Build configuration list for PBXNativeTarget "HappyBaby" */;
			buildPhases = (
				260012682D78E6290004EDB0 /* Sources */,
				260012692D78E6290004EDB0 /* Frameworks */,
				2600126A2D78E6290004EDB0 /* Resources */,
			);
			buildRules = (
			);
			dependencies = (
			);
			name = HappyBaby;
			productName = HappyBaby;
			productReference = 2600126C2D78E6290004EDB0 /* HappyBaby.app */;
			productType = "com.apple.product-type.application";
		};
/* End PBXNativeTarget section */

/* Begin PBXProject section */
		260012642D78E6290004EDB0 /* Project object */ = {
			isa = PBXProject;
			attributes = {
				BuildIndependentTargetsInParallel = 1;
				LastSwiftUpdateCheck = 1520;
				LastUpgradeCheck = 1520;
				TargetAttributes = {
					2600126B2D78E6290004EDB0 = {
						CreatedOnToolsVersion = 15.2;
					};
				};
			};
			buildConfigurationList = 260012672D78E6290004EDB0 /* Build configuration list for PBXProject "HappyBaby" */;
			compatibilityVersion = "Xcode 14.0";
			developmentRegion = en;
			hasScannedForEncodings = 0;
			knownRegions = (
				en,
				Base,
			);
			mainGroup = 260012632D78E6290004EDB0;
			productRefGroup = 2600126D2D78E6290004EDB0 /* Products */;
			projectDirPath = "";
			projectRoot = "";
			targets = (
				2600126B2D78E6290004EDB0 /* HappyBaby */,
			);
		};
/* End PBXProject section */

/* Begin PBXResourcesBuildPhase section */
		2600126A2D78E6290004EDB0 /* Resources */ = {
			isa = PBXResourcesBuildPhase;
			buildActionMask = 2147483647;
			files = (
				260012772D78E62C0004EDB0 /* Preview Assets.xcassets in Resources */,
				260012742D78E62C0004EDB0 /* Assets.xcassets in Resources */,
			);
			runOnlyForDeploymentPostprocessing = 0;
		};
/* End PBXResourcesBuildPhase section */

/* Begin PBXSourcesBuildPhase section */
		260012682D78E6290004EDB0 /* Sources */ = {
			isa = PBXSourcesBuildPhase;
			buildActionMask = 2147483647;
			files = (
				260012862D78E6F40004EDB0 /* SettingsModel.swift in Sources */,
				260012AD2D78EA950004EDB0 /* APIService.swift in Sources */,
				260012A52D78E9D20004EDB0 /* BlogDetailView.swift in Sources */,
				260012892D78E7480004EDB0 /* BabyViewModel.swift in Sources */,
				2600128F2D78E7AC0004EDB0 /* BlogViewModel.swift in Sources */,
				260012AA2D78EA2F0004EDB0 /* SettingsDetailView.swift in Sources */,
				260012722D78E6290004EDB0 /* ContentView.swift in Sources */,
				260012A82D78EA050004EDB0 /* SettingsView.swift in Sources */,
				260012AF2D78EAC40004EDB0 /* NotificationService.swift in Sources */,
				260012822D78E6C10004EDB0 /* ReminderModel.swift in Sources */,
				2600129E2D78E93C0004EDB0 /* ReminderDetailView.swift in Sources */,
				260012B22D78EAEC0004EDB0 /* Constants.swift in Sources */,
				2600128B2D78E76A0004EDB0 /* ReminderViewModel.swift in Sources */,
				260012A32D78E9B50004EDB0 /* BlogView.swift in Sources */,
				2600129C2D78E9090004EDB0 /* ReminderView.swift in Sources */,
				260012932D78E7EA0004EDB0 /* BabyView.swift in Sources */,
				260012702D78E6290004EDB0 /* HappyBabyApp.swift in Sources */,
				260012802D78E6A30004EDB0 /* BabyModel.swift in Sources */,
				260012A02D78E9750004EDB0 /* BabyDetailView.swift in Sources */,
				260012842D78E6D70004EDB0 /* BlogModel.swift in Sources */,
				2600128D2D78E7880004EDB0 /* SettingsViewModel.swift in Sources */,
			);
			runOnlyForDeploymentPostprocessing = 0;
		};
/* End PBXSourcesBuildPhase section */

/* Begin XCBuildConfiguration section */
		260012782D78E62C0004EDB0 /* Debug */ = {
			isa = XCBuildConfiguration;
			buildSettings = {
				ALWAYS_SEARCH_USER_PATHS = NO;
				ASSETCATALOG_COMPILER_GENERATE_SWIFT_ASSET_SYMBOL_EXTENSIONS = YES;
				CLANG_ANALYZER_NONNULL = YES;
				CLANG_ANALYZER_NUMBER_OBJECT_CONVERSION = YES_AGGRESSIVE;
				CLANG_CXX_LANGUAGE_STANDARD = "gnu++20";
				CLANG_ENABLE_MODULES = YES;
				CLANG_ENABLE_OBJC_ARC = YES;
				CLANG_ENABLE_OBJC_WEAK = YES;
				CLANG_WARN_BLOCK_CAPTURE_AUTORELEASING = YES;
				CLANG_WARN_BOOL_CONVERSION = YES;
				CLANG_WARN_COMMA = YES;
				CLANG_WARN_CONSTANT_CONVERSION = YES;
				CLANG_WARN_DEPRECATED_OBJC_IMPLEMENTATIONS = YES;
				CLANG_WARN_DIRECT_OBJC_ISA_USAGE = YES_ERROR;
				CLANG_WARN_DOCUMENTATION_COMMENTS = YES;
				CLANG_WARN_EMPTY_BODY = YES;
				CLANG_WARN_ENUM_CONVERSION = YES;
				CLANG_WARN_INFINITE_RECURSION = YES;
				CLANG_WARN_INT_CONVERSION = YES;
				CLANG_WARN_NON_LITERAL_NULL_CONVERSION = YES;
				CLANG_WARN_OBJC_IMPLICIT_RETAIN_SELF = YES;
				CLANG_WARN_OBJC_LITERAL_CONVERSION = YES;
				CLANG_WARN_OBJC_ROOT_CLASS = YES_ERROR;
				CLANG_WARN_QUOTED_INCLUDE_IN_FRAMEWORK_HEADER = YES;
				CLANG_WARN_RANGE_LOOP_ANALYSIS = YES;
				CLANG_WARN_STRICT_PROTOTYPES = YES;
				CLANG_WARN_SUSPICIOUS_MOVE = YES;
				CLANG_WARN_UNGUARDED_AVAILABILITY = YES_AGGRESSIVE;
				CLANG_WARN_UNREACHABLE_CODE = YES;
				CLANG_WARN__DUPLICATE_METHOD_MATCH = YES;
				COPY_PHASE_STRIP = NO;
				DEBUG_INFORMATION_FORMAT = dwarf;
				ENABLE_STRICT_OBJC_MSGSEND = YES;
				ENABLE_TESTABILITY = YES;
				ENABLE_USER_SCRIPT_SANDBOXING = YES;
				GCC_C_LANGUAGE_STANDARD = gnu17;
				GCC_DYNAMIC_NO_PIC = NO;
				GCC_NO_COMMON_BLOCKS = YES;
				GCC_OPTIMIZATION_LEVEL = 0;
				GCC_PREPROCESSOR_DEFINITIONS = (
					"DEBUG=1",
					"$(inherited)",
				);
				GCC_WARN_64_TO_32_BIT_CONVERSION = YES;
				GCC_WARN_ABOUT_RETURN_TYPE = YES_ERROR;
				GCC_WARN_UNDECLARED_SELECTOR = YES;
				GCC_WARN_UNINITIALIZED_AUTOS = YES_AGGRESSIVE;
				GCC_WARN_UNUSED_FUNCTION = YES;
				GCC_WARN_UNUSED_VARIABLE = YES;
				IPHONEOS_DEPLOYMENT_TARGET = 17.2;
				LOCALIZATION_PREFERS_STRING_CATALOGS = YES;
				MTL_ENABLE_DEBUG_INFO = INCLUDE_SOURCE;
				MTL_FAST_MATH = YES;
				ONLY_ACTIVE_ARCH = YES;
				SDKROOT = iphoneos;
				SWIFT_ACTIVE_COMPILATION_CONDITIONS = "DEBUG $(inherited)";
				SWIFT_OPTIMIZATION_LEVEL = "-Onone";
			};
			name = Debug;
		};
		260012792D78E62C0004EDB0 /* Release */ = {
			isa = XCBuildConfiguration;
			buildSettings = {
				ALWAYS_SEARCH_USER_PATHS = NO;
				ASSETCATALOG_COMPILER_GENERATE_SWIFT_ASSET_SYMBOL_EXTENSIONS = YES;
				CLANG_ANALYZER_NONNULL = YES;
				CLANG_ANALYZER_NUMBER_OBJECT_CONVERSION = YES_AGGRESSIVE;
				CLANG_CXX_LANGUAGE_STANDARD = "gnu++20";
				CLANG_ENABLE_MODULES = YES;
				CLANG_ENABLE_OBJC_ARC = YES;
				CLANG_ENABLE_OBJC_WEAK = YES;
				CLANG_WARN_BLOCK_CAPTURE_AUTORELEASING = YES;
				CLANG_WARN_BOOL_CONVERSION = YES;
				CLANG_WARN_COMMA = YES;
				CLANG_WARN_CONSTANT_CONVERSION = YES;
				CLANG_WARN_DEPRECATED_OBJC_IMPLEMENTATIONS = YES;
				CLANG_WARN_DIRECT_OBJC_ISA_USAGE = YES_ERROR;
				CLANG_WARN_DOCUMENTATION_COMMENTS = YES;
				CLANG_WARN_EMPTY_BODY = YES;
				CLANG_WARN_ENUM_CONVERSION = YES;
				CLANG_WARN_INFINITE_RECURSION = YES;
				CLANG_WARN_INT_CONVERSION = YES;
				CLANG_WARN_NON_LITERAL_NULL_CONVERSION = YES;
				CLANG_WARN_OBJC_IMPLICIT_RETAIN_SELF = YES;
				CLANG_WARN_OBJC_LITERAL_CONVERSION = YES;
				CLANG_WARN_OBJC_ROOT_CLASS = YES_ERROR;
				CLANG_WARN_QUOTED_INCLUDE_IN_FRAMEWORK_HEADER = YES;
				CLANG_WARN_RANGE_LOOP_ANALYSIS = YES;
				CLANG_WARN_STRICT_PROTOTYPES = YES;
				CLANG_WARN_SUSPICIOUS_MOVE = YES;
				CLANG_WARN_UNGUARDED_AVAILABILITY = YES_AGGRESSIVE;
				CLANG_WARN_UNREACHABLE_CODE = YES;
				CLANG_WARN__DUPLICATE_METHOD_MATCH = YES;
				COPY_PHASE_STRIP = NO;
				DEBUG_INFORMATION_FORMAT = "dwarf-with-dsym";
				ENABLE_NS_ASSERTIONS = NO;
				ENABLE_STRICT_OBJC_MSGSEND = YES;
				ENABLE_USER_SCRIPT_SANDBOXING = YES;
				GCC_C_LANGUAGE_STANDARD = gnu17;
				GCC_NO_COMMON_BLOCKS = YES;
				GCC_WARN_64_TO_32_BIT_CONVERSION = YES;
				GCC_WARN_ABOUT_RETURN_TYPE = YES_ERROR;
				GCC_WARN_UNDECLARED_SELECTOR = YES;
				GCC_WARN_UNINITIALIZED_AUTOS = YES_AGGRESSIVE;
				GCC_WARN_UNUSED_FUNCTION = YES;
				GCC_WARN_UNUSED_VARIABLE = YES;
				IPHONEOS_DEPLOYMENT_TARGET = 17.2;
				LOCALIZATION_PREFERS_STRING_CATALOGS = YES;
				MTL_ENABLE_DEBUG_INFO = NO;
				MTL_FAST_MATH = YES;
				SDKROOT = iphoneos;
				SWIFT_COMPILATION_MODE = wholemodule;
				VALIDATE_PRODUCT = YES;
			};
			name = Release;
		};
		2600127B2D78E62C0004EDB0 /* Debug */ = {
			isa = XCBuildConfiguration;
			buildSettings = {
				ASSETCATALOG_COMPILER_APPICON_NAME = AppIcon;
				ASSETCATALOG_COMPILER_GLOBAL_ACCENT_COLOR_NAME = AccentColor;
				CODE_SIGN_STYLE = Automatic;
				CURRENT_PROJECT_VERSION = 1;
				DEVELOPMENT_ASSET_PATHS = "\"HappyBaby/Preview Content\"";
				DEVELOPMENT_TEAM = 9Q83M6G9RN;
				ENABLE_PREVIEWS = YES;
				GENERATE_INFOPLIST_FILE = YES;
				INFOPLIST_KEY_UIApplicationSceneManifest_Generation = YES;
				INFOPLIST_KEY_UIApplicationSupportsIndirectInputEvents = YES;
				INFOPLIST_KEY_UILaunchScreen_Generation = YES;
				INFOPLIST_KEY_UISupportedInterfaceOrientations_iPad = "UIInterfaceOrientationPortrait UIInterfaceOrientationPortraitUpsideDown UIInterfaceOrientationLandscapeLeft UIInterfaceOrientationLandscapeRight";
				INFOPLIST_KEY_UISupportedInterfaceOrientations_iPhone = "UIInterfaceOrientationPortrait UIInterfaceOrientationLandscapeLeft UIInterfaceOrientationLandscapeRight";
				LD_RUNPATH_SEARCH_PATHS = (
					"$(inherited)",
					"@executable_path/Frameworks",
				);
				MARKETING_VERSION = 1.0;
				PRODUCT_BUNDLE_IDENTIFIER = com.yaseminipek.HappyBaby;
				PRODUCT_NAME = "$(TARGET_NAME)";
				SWIFT_EMIT_LOC_STRINGS = YES;
				SWIFT_VERSION = 5.0;
				TARGETED_DEVICE_FAMILY = "1,2";
			};
			name = Debug;
		};
		2600127C2D78E62C0004EDB0 /* Release */ = {
			isa = XCBuildConfiguration;
			buildSettings = {
				ASSETCATALOG_COMPILER_APPICON_NAME = AppIcon;
				ASSETCATALOG_COMPILER_GLOBAL_ACCENT_COLOR_NAME = AccentColor;
				CODE_SIGN_STYLE = Automatic;
				CURRENT_PROJECT_VERSION = 1;
				DEVELOPMENT_ASSET_PATHS = "\"HappyBaby/Preview Content\"";
				DEVELOPMENT_TEAM = 9Q83M6G9RN;
				ENABLE_PREVIEWS = YES;
				GENERATE_INFOPLIST_FILE = YES;
				INFOPLIST_KEY_UIApplicationSceneManifest_Generation = YES;
				INFOPLIST_KEY_UIApplicationSupportsIndirectInputEvents = YES;
				INFOPLIST_KEY_UILaunchScreen_Generation = YES;
				INFOPLIST_KEY_UISupportedInterfaceOrientations_iPad = "UIInterfaceOrientationPortrait UIInterfaceOrientationPortraitUpsideDown UIInterfaceOrientationLandscapeLeft UIInterfaceOrientationLandscapeRight";
				INFOPLIST_KEY_UISupportedInterfaceOrientations_iPhone = "UIInterfaceOrientationPortrait UIInterfaceOrientationLandscapeLeft UIInterfaceOrientationLandscapeRight";
				LD_RUNPATH_SEARCH_PATHS = (
					"$(inherited)",
					"@executable_path/Frameworks",
				);
				MARKETING_VERSION = 1.0;
				PRODUCT_BUNDLE_IDENTIFIER = com.yaseminipek.HappyBaby;
				PRODUCT_NAME = "$(TARGET_NAME)";
				SWIFT_EMIT_LOC_STRINGS = YES;
				SWIFT_VERSION = 5.0;
				TARGETED_DEVICE_FAMILY = "1,2";
			};
			name = Release;
		};
/* End XCBuildConfiguration section */

/* Begin XCConfigurationList section */
		260012672D78E6290004EDB0 /* Build configuration list for PBXProject "HappyBaby" */ = {
			isa = XCConfigurationList;
			buildConfigurations = (
				260012782D78E62C0004EDB0 /* Debug */,
				260012792D78E62C0004EDB0 /* Release */,
			);
			defaultConfigurationIsVisible = 0;
			defaultConfigurationName = Release;
		};
		2600127A2D78E62C0004EDB0 /* Build configuration list for PBXNativeTarget "HappyBaby" */ = {
			isa = XCConfigurationList;
			buildConfigurations = (
				2600127B2D78E62C0004EDB0 /* Debug */,
				2600127C2D78E62C0004EDB0 /* Release */,
			);
			defaultConfigurationIsVisible = 0;
			defaultConfigurationName = Release;
		};
/* End XCConfigurationList section */
	};
	rootObject = 260012642D78E6290004EDB0 /* Project object */;
}
